// !$*UTF8*$!
{
	archiveVersion = 1;
	classes = {
	};
	objectVersion = 56;
	objects = {

/* Begin PBXBuildFile section */
		B7816A3429C348D000BAE82F /* BenevolesVew.swift in Sources */ = {isa = PBXBuildFile; fileRef = B7816A3329C348D000BAE82F /* BenevolesVew.swift */; };
		B7816A3729C34CBA00BAE82F /* JSONHelper.swift in Sources */ = {isa = PBXBuildFile; fileRef = B7816A3629C34CBA00BAE82F /* JSONHelper.swift */; };
		B7816A3929C3693000BAE82F /* User.swift in Sources */ = {isa = PBXBuildFile; fileRef = B7816A3829C3693000BAE82F /* User.swift */; };
		B7A1F21529C06E5400D9B784 /* Befest_mobileApp.swift in Sources */ = {isa = PBXBuildFile; fileRef = B7A1F21429C06E5400D9B784 /* Befest_mobileApp.swift */; };
		B7A1F21729C06E5400D9B784 /* ContentView.swift in Sources */ = {isa = PBXBuildFile; fileRef = B7A1F21629C06E5400D9B784 /* ContentView.swift */; };
		B7A1F21929C06E5500D9B784 /* Assets.xcassets in Resources */ = {isa = PBXBuildFile; fileRef = B7A1F21829C06E5500D9B784 /* Assets.xcassets */; };
		B7A1F21C29C06E5500D9B784 /* Preview Assets.xcassets in Resources */ = {isa = PBXBuildFile; fileRef = B7A1F21B29C06E5500D9B784 /* Preview Assets.xcassets */; };
		B7A1F22429C075B800D9B784 /* Jeu.swift in Sources */ = {isa = PBXBuildFile; fileRef = B7A1F22329C075B800D9B784 /* Jeu.swift */; };
		B7A1F22629C0782300D9B784 /* Zone.swift in Sources */ = {isa = PBXBuildFile; fileRef = B7A1F22529C0782300D9B784 /* Zone.swift */; };
		B7A1F22929C07DB000D9B784 /* NavBar.swift in Sources */ = {isa = PBXBuildFile; fileRef = B7A1F22829C07DB000D9B784 /* NavBar.swift */; };
		B7A1F22B29C07DED00D9B784 /* NavBarItem.swift in Sources */ = {isa = PBXBuildFile; fileRef = B7A1F22A29C07DED00D9B784 /* NavBarItem.swift */; };
/* End PBXBuildFile section */

/* Begin PBXFileReference section */
		B7816A3329C348D000BAE82F /* BenevolesVew.swift */ = {isa = PBXFileReference; lastKnownFileType = sourcecode.swift; path = BenevolesVew.swift; sourceTree = "<group>"; };
		B7816A3629C34CBA00BAE82F /* JSONHelper.swift */ = {isa = PBXFileReference; lastKnownFileType = sourcecode.swift; path = JSONHelper.swift; sourceTree = "<group>"; };
		B7816A3829C3693000BAE82F /* User.swift */ = {isa = PBXFileReference; lastKnownFileType = sourcecode.swift; path = User.swift; sourceTree = "<group>"; };
		B7A1F21129C06E5400D9B784 /* Befest_mobile.app */ = {isa = PBXFileReference; explicitFileType = wrapper.application; includeInIndex = 0; path = Befest_mobile.app; sourceTree = BUILT_PRODUCTS_DIR; };
		B7A1F21429C06E5400D9B784 /* Befest_mobileApp.swift */ = {isa = PBXFileReference; lastKnownFileType = sourcecode.swift; path = Befest_mobileApp.swift; sourceTree = "<group>"; };
		B7A1F21629C06E5400D9B784 /* ContentView.swift */ = {isa = PBXFileReference; lastKnownFileType = sourcecode.swift; path = ContentView.swift; sourceTree = "<group>"; };
		B7A1F21829C06E5500D9B784 /* Assets.xcassets */ = {isa = PBXFileReference; lastKnownFileType = folder.assetcatalog; path = Assets.xcassets; sourceTree = "<group>"; };
		B7A1F21B29C06E5500D9B784 /* Preview Assets.xcassets */ = {isa = PBXFileReference; lastKnownFileType = folder.assetcatalog; path = "Preview Assets.xcassets"; sourceTree = "<group>"; };
		B7A1F22329C075B800D9B784 /* Jeu.swift */ = {isa = PBXFileReference; lastKnownFileType = sourcecode.swift; path = Jeu.swift; sourceTree = "<group>"; };
		B7A1F22529C0782300D9B784 /* Zone.swift */ = {isa = PBXFileReference; lastKnownFileType = sourcecode.swift; path = Zone.swift; sourceTree = "<group>"; };
		B7A1F22829C07DB000D9B784 /* NavBar.swift */ = {isa = PBXFileReference; lastKnownFileType = sourcecode.swift; path = NavBar.swift; sourceTree = "<group>"; };
		B7A1F22A29C07DED00D9B784 /* NavBarItem.swift */ = {isa = PBXFileReference; lastKnownFileType = sourcecode.swift; path = NavBarItem.swift; sourceTree = "<group>"; };
/* End PBXFileReference section */

/* Begin PBXFrameworksBuildPhase section */
		B7A1F20E29C06E5400D9B784 /* Frameworks */ = {
			isa = PBXFrameworksBuildPhase;
			buildActionMask = 2147483647;
			files = (
			);
			runOnlyForDeploymentPostprocessing = 0;
		};
/* End PBXFrameworksBuildPhase section */

/* Begin PBXGroup section */
		B7816A3529C34CA800BAE82F /* utilities */ = {
			isa = PBXGroup;
			children = (
				B7816A3629C34CBA00BAE82F /* JSONHelper.swift */,
			);
			path = utilities;
			sourceTree = "<group>";
		};
		B7A1F20829C06E5400D9B784 = {
			isa = PBXGroup;
			children = (
				B7A1F21329C06E5400D9B784 /* Befest_mobile */,
				B7A1F21229C06E5400D9B784 /* Products */,
			);
			sourceTree = "<group>";
		};
		B7A1F21229C06E5400D9B784 /* Products */ = {
			isa = PBXGroup;
			children = (
				B7A1F21129C06E5400D9B784 /* Befest_mobile.app */,
			);
			name = Products;
			sourceTree = "<group>";
		};
		B7A1F21329C06E5400D9B784 /* Befest_mobile */ = {
			isa = PBXGroup;
			children = (
				B7816A3529C34CA800BAE82F /* utilities */,
				B7A1F22729C0794400D9B784 /* views */,
				B7A1F22229C0757600D9B784 /* models */,
				B7A1F21429C06E5400D9B784 /* Befest_mobileApp.swift */,
				B7A1F21629C06E5400D9B784 /* ContentView.swift */,
				B7A1F21829C06E5500D9B784 /* Assets.xcassets */,
				B7A1F21A29C06E5500D9B784 /* Preview Content */,
			);
			path = Befest_mobile;
			sourceTree = "<group>";
		};
		B7A1F21A29C06E5500D9B784 /* Preview Content */ = {
			isa = PBXGroup;
			children = (
				B7A1F21B29C06E5500D9B784 /* Preview Assets.xcassets */,
			);
			path = "Preview Content";
			sourceTree = "<group>";
		};
		B7A1F22229C0757600D9B784 /* models */ = {
			isa = PBXGroup;
			children = (
				B7A1F22329C075B800D9B784 /* Jeu.swift */,
				B7A1F22529C0782300D9B784 /* Zone.swift */,
				B7816A3829C3693000BAE82F /* User.swift */,
			);
			path = models;
			sourceTree = "<group>";
		};
		B7A1F22729C0794400D9B784 /* views */ = {
			isa = PBXGroup;
			children = (
				B7A1F22829C07DB000D9B784 /* NavBar.swift */,
				B7A1F22A29C07DED00D9B784 /* NavBarItem.swift */,
				B7816A3329C348D000BAE82F /* BenevolesVew.swift */,
			);
			path = views;
			sourceTree = "<group>";
		};
/* End PBXGroup section */

/* Begin PBXNativeTarget section */
		B7A1F21029C06E5400D9B784 /* Befest_mobile */ = {
			isa = PBXNativeTarget;
			buildConfigurationList = B7A1F21F29C06E5500D9B784 /* Build configuration list for PBXNativeTarget "Befest_mobile" */;
			buildPhases = (
				B7A1F20D29C06E5400D9B784 /* Sources */,
				B7A1F20E29C06E5400D9B784 /* Frameworks */,
				B7A1F20F29C06E5400D9B784 /* Resources */,
			);
			buildRules = (
			);
			dependencies = (
			);
			name = Befest_mobile;
			productName = Befest_mobile;
			productReference = B7A1F21129C06E5400D9B784 /* Befest_mobile.app */;
			productType = "com.apple.product-type.application";
		};
/* End PBXNativeTarget section */

/* Begin PBXProject section */
		B7A1F20929C06E5400D9B784 /* Project object */ = {
			isa = PBXProject;
			attributes = {
				BuildIndependentTargetsInParallel = 1;
				LastSwiftUpdateCheck = 1420;
				LastUpgradeCheck = 1420;
				TargetAttributes = {
					B7A1F21029C06E5400D9B784 = {
						CreatedOnToolsVersion = 14.2;
					};
				};
			};
			buildConfigurationList = B7A1F20C29C06E5400D9B784 /* Build configuration list for PBXProject "Befest_mobile" */;
			compatibilityVersion = "Xcode 14.0";
			developmentRegion = en;
			hasScannedForEncodings = 0;
			knownRegions = (
				en,
				Base,
			);
			mainGroup = B7A1F20829C06E5400D9B784;
			productRefGroup = B7A1F21229C06E5400D9B784 /* Products */;
			projectDirPath = "";
			projectRoot = "";
			targets = (
				B7A1F21029C06E5400D9B784 /* Befest_mobile */,
			);
		};
/* End PBXProject section */

/* Begin PBXResourcesBuildPhase section */
		B7A1F20F29C06E5400D9B784 /* Resources */ = {
			isa = PBXResourcesBuildPhase;
			buildActionMask = 2147483647;
			files = (
				B7A1F21C29C06E5500D9B784 /* Preview Assets.xcassets in Resources */,
				B7A1F21929C06E5500D9B784 /* Assets.xcassets in Resources */,
			);
			runOnlyForDeploymentPostprocessing = 0;
		};
/* End PBXResourcesBuildPhase section */

/* Begin PBXSourcesBuildPhase section */
		B7A1F20D29C06E5400D9B784 /* Sources */ = {
			isa = PBXSourcesBuildPhase;
			buildActionMask = 2147483647;
			files = (
				B7A1F22B29C07DED00D9B784 /* NavBarItem.swift in Sources */,
				B7816A3429C348D000BAE82F /* BenevolesVew.swift in Sources */,
				B7A1F22929C07DB000D9B784 /* NavBar.swift in Sources */,
				B7A1F21729C06E5400D9B784 /* ContentView.swift in Sources */,
				B7A1F22629C0782300D9B784 /* Zone.swift in Sources */,
				B7816A3929C3693000BAE82F /* User.swift in Sources */,
				B7816A3729C34CBA00BAE82F /* JSONHelper.swift in Sources */,
				B7A1F22429C075B800D9B784 /* Jeu.swift in Sources */,
				B7A1F21529C06E5400D9B784 /* Befest_mobileApp.swift in Sources */,
			);
			runOnlyForDeploymentPostprocessing = 0;
		};
/* End PBXSourcesBuildPhase section */

/* Begin XCBuildConfiguration section */
		B7A1F21D29C06E5500D9B784 /* Debug */ = {
			isa = XCBuildConfiguration;
			buildSettings = {
				ALWAYS_SEARCH_USER_PATHS = NO;
				CLANG_ANALYZER_NONNULL = YES;
				CLANG_ANALYZER_NUMBER_OBJECT_CONVERSION = YES_AGGRESSIVE;
				CLANG_CXX_LANGUAGE_STANDARD = "gnu++20";
				CLANG_ENABLE_MODULES = YES;
				CLANG_ENABLE_OBJC_ARC = YES;
				CLANG_ENABLE_OBJC_WEAK = YES;
				CLANG_WARN_BLOCK_CAPTURE_AUTORELEASING = YES;
				CLANG_WARN_BOOL_CONVERSION = YES;
				CLANG_WARN_COMMA = YES;
				CLANG_WARN_CONSTANT_CONVERSION = YES;
				CLANG_WARN_DEPRECATED_OBJC_IMPLEMENTATIONS = YES;
				CLANG_WARN_DIRECT_OBJC_ISA_USAGE = YES_ERROR;
				CLANG_WARN_DOCUMENTATION_COMMENTS = YES;
				CLANG_WARN_EMPTY_BODY = YES;
				CLANG_WARN_ENUM_CONVERSION = YES;
				CLANG_WARN_INFINITE_RECURSION = YES;
				CLANG_WARN_INT_CONVERSION = YES;
				CLANG_WARN_NON_LITERAL_NULL_CONVERSION = YES;
				CLANG_WARN_OBJC_IMPLICIT_RETAIN_SELF = YES;
				CLANG_WARN_OBJC_LITERAL_CONVERSION = YES;
				CLANG_WARN_OBJC_ROOT_CLASS = YES_ERROR;
				CLANG_WARN_QUOTED_INCLUDE_IN_FRAMEWORK_HEADER = YES;
				CLANG_WARN_RANGE_LOOP_ANALYSIS = YES;
				CLANG_WARN_STRICT_PROTOTYPES = YES;
				CLANG_WARN_SUSPICIOUS_MOVE = YES;
				CLANG_WARN_UNGUARDED_AVAILABILITY = YES_AGGRESSIVE;
				CLANG_WARN_UNREACHABLE_CODE = YES;
				CLANG_WARN__DUPLICATE_METHOD_MATCH = YES;
				COPY_PHASE_STRIP = NO;
				DEBUG_INFORMATION_FORMAT = dwarf;
				ENABLE_STRICT_OBJC_MSGSEND = YES;
				ENABLE_TESTABILITY = YES;
				GCC_C_LANGUAGE_STANDARD = gnu11;
				GCC_DYNAMIC_NO_PIC = NO;
				GCC_NO_COMMON_BLOCKS = YES;
				GCC_OPTIMIZATION_LEVEL = 0;
				GCC_PREPROCESSOR_DEFINITIONS = (
					"DEBUG=1",
					"$(inherited)",
				);
				GCC_WARN_64_TO_32_BIT_CONVERSION = YES;
				GCC_WARN_ABOUT_RETURN_TYPE = YES_ERROR;
				GCC_WARN_UNDECLARED_SELECTOR = YES;
				GCC_WARN_UNINITIALIZED_AUTOS = YES_AGGRESSIVE;
				GCC_WARN_UNUSED_FUNCTION = YES;
				GCC_WARN_UNUSED_VARIABLE = YES;
				IPHONEOS_DEPLOYMENT_TARGET = 16.2;
				MTL_ENABLE_DEBUG_INFO = INCLUDE_SOURCE;
				MTL_FAST_MATH = YES;
				ONLY_ACTIVE_ARCH = YES;
				SDKROOT = iphoneos;
				SWIFT_ACTIVE_COMPILATION_CONDITIONS = DEBUG;
				SWIFT_OPTIMIZATION_LEVEL = "-Onone";
			};
			name = Debug;
		};
		B7A1F21E29C06E5500D9B784 /* Release */ = {
			isa = XCBuildConfiguration;
			buildSettings = {
				ALWAYS_SEARCH_USER_PATHS = NO;
				CLANG_ANALYZER_NONNULL = YES;
				CLANG_ANALYZER_NUMBER_OBJECT_CONVERSION = YES_AGGRESSIVE;
				CLANG_CXX_LANGUAGE_STANDARD = "gnu++20";
				CLANG_ENABLE_MODULES = YES;
				CLANG_ENABLE_OBJC_ARC = YES;
				CLANG_ENABLE_OBJC_WEAK = YES;
				CLANG_WARN_BLOCK_CAPTURE_AUTORELEASING = YES;
				CLANG_WARN_BOOL_CONVERSION = YES;
				CLANG_WARN_COMMA = YES;
				CLANG_WARN_CONSTANT_CONVERSION = YES;
				CLANG_WARN_DEPRECATED_OBJC_IMPLEMENTATIONS = YES;
				CLANG_WARN_DIRECT_OBJC_ISA_USAGE = YES_ERROR;
				CLANG_WARN_DOCUMENTATION_COMMENTS = YES;
				CLANG_WARN_EMPTY_BODY = YES;
				CLANG_WARN_ENUM_CONVERSION = YES;
				CLANG_WARN_INFINITE_RECURSION = YES;
				CLANG_WARN_INT_CONVERSION = YES;
				CLANG_WARN_NON_LITERAL_NULL_CONVERSION = YES;
				CLANG_WARN_OBJC_IMPLICIT_RETAIN_SELF = YES;
				CLANG_WARN_OBJC_LITERAL_CONVERSION = YES;
				CLANG_WARN_OBJC_ROOT_CLASS = YES_ERROR;
				CLANG_WARN_QUOTED_INCLUDE_IN_FRAMEWORK_HEADER = YES;
				CLANG_WARN_RANGE_LOOP_ANALYSIS = YES;
				CLANG_WARN_STRICT_PROTOTYPES = YES;
				CLANG_WARN_SUSPICIOUS_MOVE = YES;
				CLANG_WARN_UNGUARDED_AVAILABILITY = YES_AGGRESSIVE;
				CLANG_WARN_UNREACHABLE_CODE = YES;
				CLANG_WARN__DUPLICATE_METHOD_MATCH = YES;
				COPY_PHASE_STRIP = NO;
				DEBUG_INFORMATION_FORMAT = "dwarf-with-dsym";
				ENABLE_NS_ASSERTIONS = NO;
				ENABLE_STRICT_OBJC_MSGSEND = YES;
				GCC_C_LANGUAGE_STANDARD = gnu11;
				GCC_NO_COMMON_BLOCKS = YES;
				GCC_WARN_64_TO_32_BIT_CONVERSION = YES;
				GCC_WARN_ABOUT_RETURN_TYPE = YES_ERROR;
				GCC_WARN_UNDECLARED_SELECTOR = YES;
				GCC_WARN_UNINITIALIZED_AUTOS = YES_AGGRESSIVE;
				GCC_WARN_UNUSED_FUNCTION = YES;
				GCC_WARN_UNUSED_VARIABLE = YES;
				IPHONEOS_DEPLOYMENT_TARGET = 16.2;
				MTL_ENABLE_DEBUG_INFO = NO;
				MTL_FAST_MATH = YES;
				SDKROOT = iphoneos;
				SWIFT_COMPILATION_MODE = wholemodule;
				SWIFT_OPTIMIZATION_LEVEL = "-O";
				VALIDATE_PRODUCT = YES;
			};
			name = Release;
		};
		B7A1F22029C06E5500D9B784 /* Debug */ = {
			isa = XCBuildConfiguration;
			buildSettings = {
				ASSETCATALOG_COMPILER_APPICON_NAME = AppIcon;
				ASSETCATALOG_COMPILER_GLOBAL_ACCENT_COLOR_NAME = AccentColor;
				CODE_SIGN_STYLE = Automatic;
				CURRENT_PROJECT_VERSION = 1;
				DEVELOPMENT_ASSET_PATHS = "\"Befest_mobile/Preview Content\"";
				ENABLE_PREVIEWS = YES;
				GENERATE_INFOPLIST_FILE = YES;
				INFOPLIST_KEY_UIApplicationSceneManifest_Generation = YES;
				INFOPLIST_KEY_UIApplicationSupportsIndirectInputEvents = YES;
				INFOPLIST_KEY_UILaunchScreen_Generation = YES;
				INFOPLIST_KEY_UISupportedInterfaceOrientations_iPad = "UIInterfaceOrientationPortrait UIInterfaceOrientationPortraitUpsideDown UIInterfaceOrientationLandscapeLeft UIInterfaceOrientationLandscapeRight";
				INFOPLIST_KEY_UISupportedInterfaceOrientations_iPhone = "UIInterfaceOrientationPortrait UIInterfaceOrientationLandscapeLeft UIInterfaceOrientationLandscapeRight";
				LD_RUNPATH_SEARCH_PATHS = (
					"$(inherited)",
					"@executable_path/Frameworks",
				);
				MARKETING_VERSION = 1.0;
				PRODUCT_BUNDLE_IDENTIFIER = "salim.Befest-mobile";
				PRODUCT_NAME = "$(TARGET_NAME)";
				SWIFT_EMIT_LOC_STRINGS = YES;
				SWIFT_VERSION = 5.0;
				TARGETED_DEVICE_FAMILY = "1,2";
			};
			name = Debug;
		};
		B7A1F22129C06E5500D9B784 /* Release */ = {
			isa = XCBuildConfiguration;
			buildSettings = {
				ASSETCATALOG_COMPILER_APPICON_NAME = AppIcon;
				ASSETCATALOG_COMPILER_GLOBAL_ACCENT_COLOR_NAME = AccentColor;
				CODE_SIGN_STYLE = Automatic;
				CURRENT_PROJECT_VERSION = 1;
				DEVELOPMENT_ASSET_PATHS = "\"Befest_mobile/Preview Content\"";
				ENABLE_PREVIEWS = YES;
				GENERATE_INFOPLIST_FILE = YES;
				INFOPLIST_KEY_UIApplicationSceneManifest_Generation = YES;
				INFOPLIST_KEY_UIApplicationSupportsIndirectInputEvents = YES;
				INFOPLIST_KEY_UILaunchScreen_Generation = YES;
				INFOPLIST_KEY_UISupportedInterfaceOrientations_iPad = "UIInterfaceOrientationPortrait UIInterfaceOrientationPortraitUpsideDown UIInterfaceOrientationLandscapeLeft UIInterfaceOrientationLandscapeRight";
				INFOPLIST_KEY_UISupportedInterfaceOrientations_iPhone = "UIInterfaceOrientationPortrait UIInterfaceOrientationLandscapeLeft UIInterfaceOrientationLandscapeRight";
				LD_RUNPATH_SEARCH_PATHS = (
					"$(inherited)",
					"@executable_path/Frameworks",
				);
				MARKETING_VERSION = 1.0;
				PRODUCT_BUNDLE_IDENTIFIER = "salim.Befest-mobile";
				PRODUCT_NAME = "$(TARGET_NAME)";
				SWIFT_EMIT_LOC_STRINGS = YES;
				SWIFT_VERSION = 5.0;
				TARGETED_DEVICE_FAMILY = "1,2";
			};
			name = Release;
		};
/* End XCBuildConfiguration section */

/* Begin XCConfigurationList section */
		B7A1F20C29C06E5400D9B784 /* Build configuration list for PBXProject "Befest_mobile" */ = {
			isa = XCConfigurationList;
			buildConfigurations = (
				B7A1F21D29C06E5500D9B784 /* Debug */,
				B7A1F21E29C06E5500D9B784 /* Release */,
			);
			defaultConfigurationIsVisible = 0;
			defaultConfigurationName = Release;
		};
		B7A1F21F29C06E5500D9B784 /* Build configuration list for PBXNativeTarget "Befest_mobile" */ = {
			isa = XCConfigurationList;
			buildConfigurations = (
				B7A1F22029C06E5500D9B784 /* Debug */,
				B7A1F22129C06E5500D9B784 /* Release */,
			);
			defaultConfigurationIsVisible = 0;
			defaultConfigurationName = Release;
		};
/* End XCConfigurationList section */
	};
	rootObject = B7A1F20929C06E5400D9B784 /* Project object */;
}
