// !$*UTF8*$!
{
	archiveVersion = 1;
	classes = {
	};
	objectVersion = 55;
	objects = {

/* Begin PBXBuildFile section */
		6F52632029C8E7EC0000DA28 /* RequestError.swift in Sources */ = {isa = PBXBuildFile; fileRef = 6F52631F29C8E7EC0000DA28 /* RequestError.swift */; };
		6F52632229C8E82D0000DA28 /* UserIntentError.swift in Sources */ = {isa = PBXBuildFile; fileRef = 6F52632129C8E82D0000DA28 /* UserIntentError.swift */; };
		6F52632529C8E88D0000DA28 /* AuthService.swift in Sources */ = {isa = PBXBuildFile; fileRef = 6F52632429C8E88D0000DA28 /* AuthService.swift */; };
		6F52632829C8E8C90000DA28 /* ConfigAPI.swift in Sources */ = {isa = PBXBuildFile; fileRef = 6F52632729C8E8C90000DA28 /* ConfigAPI.swift */; };
		6F52632B29C8E9720000DA28 /* LogIntent.swift in Sources */ = {isa = PBXBuildFile; fileRef = 6F52632A29C8E9720000DA28 /* LogIntent.swift */; };
		6F52632D29C8E9BB0000DA28 /* Validators.swift in Sources */ = {isa = PBXBuildFile; fileRef = 6F52632C29C8E9BB0000DA28 /* Validators.swift */; };
		6F52633229C8EA3E0000DA28 /* AdminAppView.swift in Sources */ = {isa = PBXBuildFile; fileRef = 6F52633129C8EA3E0000DA28 /* AdminAppView.swift */; };
		6F52633429C8EA6A0000DA28 /* BenevoleAppView.swift in Sources */ = {isa = PBXBuildFile; fileRef = 6F52633329C8EA6A0000DA28 /* BenevoleAppView.swift */; };
		6F52633629C8EAA70000DA28 /* LogView.swift in Sources */ = {isa = PBXBuildFile; fileRef = 6F52633529C8EAA70000DA28 /* LogView.swift */; };
		6F52633929C8F6850000DA28 /* ListFestivalsView.swift in Sources */ = {isa = PBXBuildFile; fileRef = 6F52633829C8F6850000DA28 /* ListFestivalsView.swift */; };
		6F52633C29C8F7240000DA28 /* FestivalItemView.swift in Sources */ = {isa = PBXBuildFile; fileRef = 6F52633B29C8F7240000DA28 /* FestivalItemView.swift */; };
		6F52633E29C8F7880000DA28 /* Festival.swift in Sources */ = {isa = PBXBuildFile; fileRef = 6F52633D29C8F7880000DA28 /* Festival.swift */; };
		6F52634029C8FD740000DA28 /* FestivalService.swift in Sources */ = {isa = PBXBuildFile; fileRef = 6F52633F29C8FD740000DA28 /* FestivalService.swift */; };
		6F8152B829CCBF2900D3ED2D /* Zone.swift in Sources */ = {isa = PBXBuildFile; fileRef = 6F8152B729CCBF2900D3ED2D /* Zone.swift */; };
		6F8152BA29CCBF3B00D3ED2D /* Affectation.swift in Sources */ = {isa = PBXBuildFile; fileRef = 6F8152B929CCBF3B00D3ED2D /* Affectation.swift */; };
		6F8152BC29CCBF4900D3ED2D /* Disponibilite.swift in Sources */ = {isa = PBXBuildFile; fileRef = 6F8152BB29CCBF4900D3ED2D /* Disponibilite.swift */; };
		6F8152BE29CCBF5900D3ED2D /* Jour.swift in Sources */ = {isa = PBXBuildFile; fileRef = 6F8152BD29CCBF5900D3ED2D /* Jour.swift */; };
		6F8152C029CCBF6500D3ED2D /* Creneau.swift in Sources */ = {isa = PBXBuildFile; fileRef = 6F8152BF29CCBF6500D3ED2D /* Creneau.swift */; };
		6F8152C329CCC22500D3ED2D /* ListZonesView.swift in Sources */ = {isa = PBXBuildFile; fileRef = 6F8152C229CCC22500D3ED2D /* ListZonesView.swift */; };
		6F8152C629CCC2AC00D3ED2D /* JourDetailsView.swift in Sources */ = {isa = PBXBuildFile; fileRef = 6F8152C529CCC2AC00D3ED2D /* JourDetailsView.swift */; };
		6F8152C829CCC2BD00D3ED2D /* ListJoursView.swift in Sources */ = {isa = PBXBuildFile; fileRef = 6F8152C729CCC2BD00D3ED2D /* ListJoursView.swift */; };
		6F8152CD29CF3A1500D3ED2D /* ListDisponibilites.swift in Sources */ = {isa = PBXBuildFile; fileRef = 6F8152CC29CF3A1500D3ED2D /* ListDisponibilites.swift */; };
		6F8152CF29CF5EF300D3ED2D /* EditFestivalView.swift in Sources */ = {isa = PBXBuildFile; fileRef = 6F8152CE29CF5EF300D3ED2D /* EditFestivalView.swift */; };
		6F8152D229D0A77600D3ED2D /* ZoneListIntent.swift in Sources */ = {isa = PBXBuildFile; fileRef = 6F8152D129D0A77600D3ED2D /* ZoneListIntent.swift */; };
		6F8152D429D0AE0500D3ED2D /* ZoneItemView.swift in Sources */ = {isa = PBXBuildFile; fileRef = 6F8152D329D0AE0500D3ED2D /* ZoneItemView.swift */; };
		6F8152D629D0B4CC00D3ED2D /* TopNavigationBar.swift in Sources */ = {isa = PBXBuildFile; fileRef = 6F8152D529D0B4CC00D3ED2D /* TopNavigationBar.swift */; };
		6F8152D829D0BB2900D3ED2D /* JourListIntent.swift in Sources */ = {isa = PBXBuildFile; fileRef = 6F8152D729D0BB2900D3ED2D /* JourListIntent.swift */; };
		B70D2AEC29D2BF5A00D2CFF1 /* AddZoneView.swift in Sources */ = {isa = PBXBuildFile; fileRef = B70D2AEB29D2BF5A00D2CFF1 /* AddZoneView.swift */; };
		B70D2AEE29D2C2A800D2CFF1 /* ZoneIntent.swift in Sources */ = {isa = PBXBuildFile; fileRef = B70D2AED29D2C2A800D2CFF1 /* ZoneIntent.swift */; };
		B70D2AF029D2CE0500D2CFF1 /* EditZoneView.swift in Sources */ = {isa = PBXBuildFile; fileRef = B70D2AEF29D2CE0500D2CFF1 /* EditZoneView.swift */; };
		B7242AC729CDD91200A16851 /* ListJours.swift in Sources */ = {isa = PBXBuildFile; fileRef = B7242AC629CDD91200A16851 /* ListJours.swift */; };
		B7242AC929CDDC4700A16851 /* ListZones.swift in Sources */ = {isa = PBXBuildFile; fileRef = B7242AC829CDDC4700A16851 /* ListZones.swift */; };
		B7242ACB29CDDE9D00A16851 /* SearchBar.swift in Sources */ = {isa = PBXBuildFile; fileRef = B7242ACA29CDDE9D00A16851 /* SearchBar.swift */; };
		B7242ACD29CDE68C00A16851 /* AddFestivalView.swift in Sources */ = {isa = PBXBuildFile; fileRef = B7242ACC29CDE68C00A16851 /* AddFestivalView.swift */; };
		B7242ACF29CDEB2900A16851 /* FestivalIntent.swift in Sources */ = {isa = PBXBuildFile; fileRef = B7242ACE29CDEB2900A16851 /* FestivalIntent.swift */; };
		B7242AD129CDEDC200A16851 /* JourService.swift in Sources */ = {isa = PBXBuildFile; fileRef = B7242AD029CDEDC200A16851 /* JourService.swift */; };
		B7242AD329CDEDD100A16851 /* CreneauService.swift in Sources */ = {isa = PBXBuildFile; fileRef = B7242AD229CDEDD100A16851 /* CreneauService.swift */; };
		B7242AD529CDEDDF00A16851 /* UserService.swift in Sources */ = {isa = PBXBuildFile; fileRef = B7242AD429CDEDDF00A16851 /* UserService.swift */; };
		B7242AD729CDEE0300A16851 /* AffectationService.swift in Sources */ = {isa = PBXBuildFile; fileRef = B7242AD629CDEE0300A16851 /* AffectationService.swift */; };
		B7242AD929CDEE1C00A16851 /* DisponibiliteService.swift in Sources */ = {isa = PBXBuildFile; fileRef = B7242AD829CDEE1C00A16851 /* DisponibiliteService.swift */; };
		B7242ADB29CE03A800A16851 /* ListCreneaux.swift in Sources */ = {isa = PBXBuildFile; fileRef = B7242ADA29CE03A800A16851 /* ListCreneaux.swift */; };
		B758EEED29CC4BBA007051C8 /* FestivalListIntent.swift in Sources */ = {isa = PBXBuildFile; fileRef = B758EEEC29CC4BBA007051C8 /* FestivalListIntent.swift */; };
		B758EEEF29CC4CFD007051C8 /* ObserverProtocol.swift in Sources */ = {isa = PBXBuildFile; fileRef = B758EEEE29CC4CFD007051C8 /* ObserverProtocol.swift */; };
		B758EEF129CC5455007051C8 /* ListFestival.swift in Sources */ = {isa = PBXBuildFile; fileRef = B758EEF029CC5455007051C8 /* ListFestival.swift */; };
		B758EEF329CC6F65007051C8 /* Extensions.swift in Sources */ = {isa = PBXBuildFile; fileRef = B758EEF229CC6F65007051C8 /* Extensions.swift */; };
		B758EEF529CCA557007051C8 /* ListBenevoles.swift in Sources */ = {isa = PBXBuildFile; fileRef = B758EEF429CCA557007051C8 /* ListBenevoles.swift */; };
		B758EEF729CCA9F7007051C8 /* ZoneService.swift in Sources */ = {isa = PBXBuildFile; fileRef = B758EEF629CCA9F7007051C8 /* ZoneService.swift */; };
		B7816A3729C34CBA00BAE82F /* JSONHelper.swift in Sources */ = {isa = PBXBuildFile; fileRef = B7816A3629C34CBA00BAE82F /* JSONHelper.swift */; };
		B7816A3929C3693000BAE82F /* User.swift in Sources */ = {isa = PBXBuildFile; fileRef = B7816A3829C3693000BAE82F /* User.swift */; };
		B793B35329D178900079CAB5 /* ListDisposView.swift in Sources */ = {isa = PBXBuildFile; fileRef = B793B35229D178900079CAB5 /* ListDisposView.swift */; };
		B793B35529D179230079CAB5 /* DispoListIntent.swift in Sources */ = {isa = PBXBuildFile; fileRef = B793B35429D179230079CAB5 /* DispoListIntent.swift */; };
		B793B35929D17D110079CAB5 /* CreneauListIntent.swift in Sources */ = {isa = PBXBuildFile; fileRef = B793B35829D17D110079CAB5 /* CreneauListIntent.swift */; };
		B793B35B29D17D240079CAB5 /* UserListIntent.swift in Sources */ = {isa = PBXBuildFile; fileRef = B793B35A29D17D240079CAB5 /* UserListIntent.swift */; };
		B793B35E29D17D4B0079CAB5 /* ListBenevolesView.swift in Sources */ = {isa = PBXBuildFile; fileRef = B793B35D29D17D4B0079CAB5 /* ListBenevolesView.swift */; };
		B793B36029D184C80079CAB5 /* DispoItemView.swift in Sources */ = {isa = PBXBuildFile; fileRef = B793B35F29D184C80079CAB5 /* DispoItemView.swift */; };
		B793B36229D184F20079CAB5 /* BenevoleItemView.swift in Sources */ = {isa = PBXBuildFile; fileRef = B793B36129D184F20079CAB5 /* BenevoleItemView.swift */; };
		B793B36529D185690079CAB5 /* AccountView.swift in Sources */ = {isa = PBXBuildFile; fileRef = B793B36429D185690079CAB5 /* AccountView.swift */; };
		B793B36829D185920079CAB5 /* ListAffectationView.swift in Sources */ = {isa = PBXBuildFile; fileRef = B793B36729D185920079CAB5 /* ListAffectationView.swift */; };
		B793B36A29D185A00079CAB5 /* AffectationItemView.swift in Sources */ = {isa = PBXBuildFile; fileRef = B793B36929D185A00079CAB5 /* AffectationItemView.swift */; };
		B793B36E29D1A4390079CAB5 /* BenevoleDetailView.swift in Sources */ = {isa = PBXBuildFile; fileRef = B793B36D29D1A4390079CAB5 /* BenevoleDetailView.swift */; };
		B7A1F21529C06E5400D9B784 /* Befest_mobileApp.swift in Sources */ = {isa = PBXBuildFile; fileRef = B7A1F21429C06E5400D9B784 /* Befest_mobileApp.swift */; };
		B7A1F21729C06E5400D9B784 /* ContentView.swift in Sources */ = {isa = PBXBuildFile; fileRef = B7A1F21629C06E5400D9B784 /* ContentView.swift */; };
		B7A1F21929C06E5500D9B784 /* Assets.xcassets in Resources */ = {isa = PBXBuildFile; fileRef = B7A1F21829C06E5500D9B784 /* Assets.xcassets */; };
		B7A1F21C29C06E5500D9B784 /* Preview Assets.xcassets in Resources */ = {isa = PBXBuildFile; fileRef = B7A1F21B29C06E5500D9B784 /* Preview Assets.xcassets */; };
		B7A1F22B29C07DED00D9B784 /* NavBarItem.swift in Sources */ = {isa = PBXBuildFile; fileRef = B7A1F22A29C07DED00D9B784 /* NavBarItem.swift */; };
/* End PBXBuildFile section */

/* Begin PBXFileReference section */
		6F52631F29C8E7EC0000DA28 /* RequestError.swift */ = {isa = PBXFileReference; lastKnownFileType = sourcecode.swift; path = RequestError.swift; sourceTree = "<group>"; };
		6F52632129C8E82D0000DA28 /* UserIntentError.swift */ = {isa = PBXFileReference; lastKnownFileType = sourcecode.swift; path = UserIntentError.swift; sourceTree = "<group>"; };
		6F52632429C8E88D0000DA28 /* AuthService.swift */ = {isa = PBXFileReference; lastKnownFileType = sourcecode.swift; path = AuthService.swift; sourceTree = "<group>"; };
		6F52632729C8E8C90000DA28 /* ConfigAPI.swift */ = {isa = PBXFileReference; lastKnownFileType = sourcecode.swift; path = ConfigAPI.swift; sourceTree = "<group>"; };
		6F52632A29C8E9720000DA28 /* LogIntent.swift */ = {isa = PBXFileReference; lastKnownFileType = sourcecode.swift; path = LogIntent.swift; sourceTree = "<group>"; };
		6F52632C29C8E9BB0000DA28 /* Validators.swift */ = {isa = PBXFileReference; lastKnownFileType = sourcecode.swift; path = Validators.swift; sourceTree = "<group>"; };
		6F52633129C8EA3E0000DA28 /* AdminAppView.swift */ = {isa = PBXFileReference; lastKnownFileType = sourcecode.swift; path = AdminAppView.swift; sourceTree = "<group>"; };
		6F52633329C8EA6A0000DA28 /* BenevoleAppView.swift */ = {isa = PBXFileReference; lastKnownFileType = sourcecode.swift; path = BenevoleAppView.swift; sourceTree = "<group>"; };
		6F52633529C8EAA70000DA28 /* LogView.swift */ = {isa = PBXFileReference; lastKnownFileType = sourcecode.swift; path = LogView.swift; sourceTree = "<group>"; };
		6F52633829C8F6850000DA28 /* ListFestivalsView.swift */ = {isa = PBXFileReference; lastKnownFileType = sourcecode.swift; path = ListFestivalsView.swift; sourceTree = "<group>"; };
		6F52633B29C8F7240000DA28 /* FestivalItemView.swift */ = {isa = PBXFileReference; lastKnownFileType = sourcecode.swift; path = FestivalItemView.swift; sourceTree = "<group>"; };
		6F52633D29C8F7880000DA28 /* Festival.swift */ = {isa = PBXFileReference; lastKnownFileType = sourcecode.swift; path = Festival.swift; sourceTree = "<group>"; };
		6F52633F29C8FD740000DA28 /* FestivalService.swift */ = {isa = PBXFileReference; lastKnownFileType = sourcecode.swift; path = FestivalService.swift; sourceTree = "<group>"; };
		6F8152B729CCBF2900D3ED2D /* Zone.swift */ = {isa = PBXFileReference; lastKnownFileType = sourcecode.swift; path = Zone.swift; sourceTree = "<group>"; };
		6F8152B929CCBF3B00D3ED2D /* Affectation.swift */ = {isa = PBXFileReference; lastKnownFileType = sourcecode.swift; path = Affectation.swift; sourceTree = "<group>"; };
		6F8152BB29CCBF4900D3ED2D /* Disponibilite.swift */ = {isa = PBXFileReference; lastKnownFileType = sourcecode.swift; path = Disponibilite.swift; sourceTree = "<group>"; };
		6F8152BD29CCBF5900D3ED2D /* Jour.swift */ = {isa = PBXFileReference; lastKnownFileType = sourcecode.swift; path = Jour.swift; sourceTree = "<group>"; };
		6F8152BF29CCBF6500D3ED2D /* Creneau.swift */ = {isa = PBXFileReference; lastKnownFileType = sourcecode.swift; path = Creneau.swift; sourceTree = "<group>"; };
		6F8152C229CCC22500D3ED2D /* ListZonesView.swift */ = {isa = PBXFileReference; lastKnownFileType = sourcecode.swift; path = ListZonesView.swift; sourceTree = "<group>"; };
		6F8152C529CCC2AC00D3ED2D /* JourDetailsView.swift */ = {isa = PBXFileReference; lastKnownFileType = sourcecode.swift; path = JourDetailsView.swift; sourceTree = "<group>"; };
		6F8152C729CCC2BD00D3ED2D /* ListJoursView.swift */ = {isa = PBXFileReference; lastKnownFileType = sourcecode.swift; path = ListJoursView.swift; sourceTree = "<group>"; };
		6F8152CC29CF3A1500D3ED2D /* ListDisponibilites.swift */ = {isa = PBXFileReference; lastKnownFileType = sourcecode.swift; path = ListDisponibilites.swift; sourceTree = "<group>"; };
		6F8152CE29CF5EF300D3ED2D /* EditFestivalView.swift */ = {isa = PBXFileReference; lastKnownFileType = sourcecode.swift; path = EditFestivalView.swift; sourceTree = "<group>"; };
		6F8152D129D0A77600D3ED2D /* ZoneListIntent.swift */ = {isa = PBXFileReference; lastKnownFileType = sourcecode.swift; path = ZoneListIntent.swift; sourceTree = "<group>"; };
		6F8152D329D0AE0500D3ED2D /* ZoneItemView.swift */ = {isa = PBXFileReference; lastKnownFileType = sourcecode.swift; path = ZoneItemView.swift; sourceTree = "<group>"; };
		6F8152D529D0B4CC00D3ED2D /* TopNavigationBar.swift */ = {isa = PBXFileReference; lastKnownFileType = sourcecode.swift; path = TopNavigationBar.swift; sourceTree = "<group>"; };
		6F8152D729D0BB2900D3ED2D /* JourListIntent.swift */ = {isa = PBXFileReference; lastKnownFileType = sourcecode.swift; path = JourListIntent.swift; sourceTree = "<group>"; };
		B70D2AEB29D2BF5A00D2CFF1 /* AddZoneView.swift */ = {isa = PBXFileReference; lastKnownFileType = sourcecode.swift; path = AddZoneView.swift; sourceTree = "<group>"; };
		B70D2AED29D2C2A800D2CFF1 /* ZoneIntent.swift */ = {isa = PBXFileReference; lastKnownFileType = sourcecode.swift; path = ZoneIntent.swift; sourceTree = "<group>"; };
		B70D2AEF29D2CE0500D2CFF1 /* EditZoneView.swift */ = {isa = PBXFileReference; lastKnownFileType = sourcecode.swift; path = EditZoneView.swift; sourceTree = "<group>"; };
		B7242AC629CDD91200A16851 /* ListJours.swift */ = {isa = PBXFileReference; lastKnownFileType = sourcecode.swift; path = ListJours.swift; sourceTree = "<group>"; };
		B7242AC829CDDC4700A16851 /* ListZones.swift */ = {isa = PBXFileReference; lastKnownFileType = sourcecode.swift; path = ListZones.swift; sourceTree = "<group>"; };
		B7242ACA29CDDE9D00A16851 /* SearchBar.swift */ = {isa = PBXFileReference; lastKnownFileType = sourcecode.swift; path = SearchBar.swift; sourceTree = "<group>"; };
		B7242ACC29CDE68C00A16851 /* AddFestivalView.swift */ = {isa = PBXFileReference; lastKnownFileType = sourcecode.swift; path = AddFestivalView.swift; sourceTree = "<group>"; };
		B7242ACE29CDEB2900A16851 /* FestivalIntent.swift */ = {isa = PBXFileReference; lastKnownFileType = sourcecode.swift; path = FestivalIntent.swift; sourceTree = "<group>"; };
		B7242AD029CDEDC200A16851 /* JourService.swift */ = {isa = PBXFileReference; lastKnownFileType = sourcecode.swift; path = JourService.swift; sourceTree = "<group>"; };
		B7242AD229CDEDD100A16851 /* CreneauService.swift */ = {isa = PBXFileReference; lastKnownFileType = sourcecode.swift; path = CreneauService.swift; sourceTree = "<group>"; };
		B7242AD429CDEDDF00A16851 /* UserService.swift */ = {isa = PBXFileReference; lastKnownFileType = sourcecode.swift; path = UserService.swift; sourceTree = "<group>"; };
		B7242AD629CDEE0300A16851 /* AffectationService.swift */ = {isa = PBXFileReference; lastKnownFileType = sourcecode.swift; path = AffectationService.swift; sourceTree = "<group>"; };
		B7242AD829CDEE1C00A16851 /* DisponibiliteService.swift */ = {isa = PBXFileReference; lastKnownFileType = sourcecode.swift; path = DisponibiliteService.swift; sourceTree = "<group>"; };
		B7242ADA29CE03A800A16851 /* ListCreneaux.swift */ = {isa = PBXFileReference; lastKnownFileType = sourcecode.swift; path = ListCreneaux.swift; sourceTree = "<group>"; };
		B758EEEC29CC4BBA007051C8 /* FestivalListIntent.swift */ = {isa = PBXFileReference; lastKnownFileType = sourcecode.swift; path = FestivalListIntent.swift; sourceTree = "<group>"; };
		B758EEEE29CC4CFD007051C8 /* ObserverProtocol.swift */ = {isa = PBXFileReference; lastKnownFileType = sourcecode.swift; path = ObserverProtocol.swift; sourceTree = "<group>"; };
		B758EEF029CC5455007051C8 /* ListFestival.swift */ = {isa = PBXFileReference; lastKnownFileType = sourcecode.swift; path = ListFestival.swift; sourceTree = "<group>"; };
		B758EEF229CC6F65007051C8 /* Extensions.swift */ = {isa = PBXFileReference; lastKnownFileType = sourcecode.swift; path = Extensions.swift; sourceTree = "<group>"; };
		B758EEF429CCA557007051C8 /* ListBenevoles.swift */ = {isa = PBXFileReference; lastKnownFileType = sourcecode.swift; path = ListBenevoles.swift; sourceTree = "<group>"; };
		B758EEF629CCA9F7007051C8 /* ZoneService.swift */ = {isa = PBXFileReference; lastKnownFileType = sourcecode.swift; path = ZoneService.swift; sourceTree = "<group>"; };
		B7816A3629C34CBA00BAE82F /* JSONHelper.swift */ = {isa = PBXFileReference; lastKnownFileType = sourcecode.swift; path = JSONHelper.swift; sourceTree = "<group>"; };
		B7816A3829C3693000BAE82F /* User.swift */ = {isa = PBXFileReference; lastKnownFileType = sourcecode.swift; path = User.swift; sourceTree = "<group>"; };
		B793B35229D178900079CAB5 /* ListDisposView.swift */ = {isa = PBXFileReference; lastKnownFileType = sourcecode.swift; path = ListDisposView.swift; sourceTree = "<group>"; };
		B793B35429D179230079CAB5 /* DispoListIntent.swift */ = {isa = PBXFileReference; lastKnownFileType = sourcecode.swift; path = DispoListIntent.swift; sourceTree = "<group>"; };
		B793B35829D17D110079CAB5 /* CreneauListIntent.swift */ = {isa = PBXFileReference; lastKnownFileType = sourcecode.swift; path = CreneauListIntent.swift; sourceTree = "<group>"; };
		B793B35A29D17D240079CAB5 /* UserListIntent.swift */ = {isa = PBXFileReference; lastKnownFileType = sourcecode.swift; path = UserListIntent.swift; sourceTree = "<group>"; };
		B793B35D29D17D4B0079CAB5 /* ListBenevolesView.swift */ = {isa = PBXFileReference; lastKnownFileType = sourcecode.swift; path = ListBenevolesView.swift; sourceTree = "<group>"; };
		B793B35F29D184C80079CAB5 /* DispoItemView.swift */ = {isa = PBXFileReference; lastKnownFileType = sourcecode.swift; path = DispoItemView.swift; sourceTree = "<group>"; };
		B793B36129D184F20079CAB5 /* BenevoleItemView.swift */ = {isa = PBXFileReference; lastKnownFileType = sourcecode.swift; path = BenevoleItemView.swift; sourceTree = "<group>"; };
		B793B36429D185690079CAB5 /* AccountView.swift */ = {isa = PBXFileReference; lastKnownFileType = sourcecode.swift; path = AccountView.swift; sourceTree = "<group>"; };
		B793B36729D185920079CAB5 /* ListAffectationView.swift */ = {isa = PBXFileReference; lastKnownFileType = sourcecode.swift; path = ListAffectationView.swift; sourceTree = "<group>"; };
		B793B36929D185A00079CAB5 /* AffectationItemView.swift */ = {isa = PBXFileReference; lastKnownFileType = sourcecode.swift; path = AffectationItemView.swift; sourceTree = "<group>"; };
		B793B36D29D1A4390079CAB5 /* BenevoleDetailView.swift */ = {isa = PBXFileReference; lastKnownFileType = sourcecode.swift; path = BenevoleDetailView.swift; sourceTree = "<group>"; };
		B7A1F21129C06E5400D9B784 /* Befest_mobile.app */ = {isa = PBXFileReference; explicitFileType = wrapper.application; includeInIndex = 0; path = Befest_mobile.app; sourceTree = BUILT_PRODUCTS_DIR; };
		B7A1F21429C06E5400D9B784 /* Befest_mobileApp.swift */ = {isa = PBXFileReference; lastKnownFileType = sourcecode.swift; path = Befest_mobileApp.swift; sourceTree = "<group>"; };
		B7A1F21629C06E5400D9B784 /* ContentView.swift */ = {isa = PBXFileReference; lastKnownFileType = sourcecode.swift; path = ContentView.swift; sourceTree = "<group>"; };
		B7A1F21829C06E5500D9B784 /* Assets.xcassets */ = {isa = PBXFileReference; lastKnownFileType = folder.assetcatalog; path = Assets.xcassets; sourceTree = "<group>"; };
		B7A1F21B29C06E5500D9B784 /* Preview Assets.xcassets */ = {isa = PBXFileReference; lastKnownFileType = folder.assetcatalog; path = "Preview Assets.xcassets"; sourceTree = "<group>"; };
		B7A1F22A29C07DED00D9B784 /* NavBarItem.swift */ = {isa = PBXFileReference; lastKnownFileType = sourcecode.swift; path = NavBarItem.swift; sourceTree = "<group>"; };
/* End PBXFileReference section */

/* Begin PBXFrameworksBuildPhase section */
		B7A1F20E29C06E5400D9B784 /* Frameworks */ = {
			isa = PBXFrameworksBuildPhase;
			buildActionMask = 2147483647;
			files = (
			);
			runOnlyForDeploymentPostprocessing = 0;
		};
/* End PBXFrameworksBuildPhase section */

/* Begin PBXGroup section */
		6F52631E29C8E7CC0000DA28 /* errors */ = {
			isa = PBXGroup;
			children = (
				6F52631F29C8E7EC0000DA28 /* RequestError.swift */,
				6F52632129C8E82D0000DA28 /* UserIntentError.swift */,
			);
			path = errors;
			sourceTree = "<group>";
		};
		6F52632329C8E8510000DA28 /* services */ = {
			isa = PBXGroup;
			children = (
				6F52632429C8E88D0000DA28 /* AuthService.swift */,
				6F52633F29C8FD740000DA28 /* FestivalService.swift */,
				B758EEF629CCA9F7007051C8 /* ZoneService.swift */,
				B7242AD029CDEDC200A16851 /* JourService.swift */,
				B7242AD229CDEDD100A16851 /* CreneauService.swift */,
				B7242AD429CDEDDF00A16851 /* UserService.swift */,
				B7242AD629CDEE0300A16851 /* AffectationService.swift */,
				B7242AD829CDEE1C00A16851 /* DisponibiliteService.swift */,
			);
			path = services;
			sourceTree = "<group>";
		};
		6F52632629C8E8A60000DA28 /* configs */ = {
			isa = PBXGroup;
			children = (
				6F52632729C8E8C90000DA28 /* ConfigAPI.swift */,
			);
			path = configs;
			sourceTree = "<group>";
		};
		6F52632929C8E9660000DA28 /* intents */ = {
			isa = PBXGroup;
			children = (
				B793B35729D179380079CAB5 /* simple */,
				B793B35629D179280079CAB5 /* lists */,
			);
			path = intents;
			sourceTree = "<group>";
		};
		6F52632E29C8E9E90000DA28 /* Admin */ = {
			isa = PBXGroup;
			children = (
				B793B35C29D17D300079CAB5 /* Benevoles */,
				6F8152C429CCC28800D3ED2D /* Jour */,
				6F8152C129CCC20800D3ED2D /* Zone */,
				6F52633129C8EA3E0000DA28 /* AdminAppView.swift */,
			);
			path = Admin;
			sourceTree = "<group>";
		};
		6F52632F29C8E9F10000DA28 /* Benevole */ = {
			isa = PBXGroup;
			children = (
				B793B36329D1853F0079CAB5 /* User */,
				B793B35129D1786C0079CAB5 /* Dispos */,
				6F52633329C8EA6A0000DA28 /* BenevoleAppView.swift */,
			);
			path = Benevole;
			sourceTree = "<group>";
		};
		6F52633029C8E9FE0000DA28 /* General */ = {
			isa = PBXGroup;
			children = (
				B793B36629D1857E0079CAB5 /* Affectation */,
				6F52633A29C8F7090000DA28 /* Festival */,
				6F52633529C8EAA70000DA28 /* LogView.swift */,
			);
			path = General;
			sourceTree = "<group>";
		};
		6F52633A29C8F7090000DA28 /* Festival */ = {
			isa = PBXGroup;
			children = (
				6F52633829C8F6850000DA28 /* ListFestivalsView.swift */,
				6F52633B29C8F7240000DA28 /* FestivalItemView.swift */,
				B7242ACC29CDE68C00A16851 /* AddFestivalView.swift */,
				6F8152CE29CF5EF300D3ED2D /* EditFestivalView.swift */,
			);
			path = Festival;
			sourceTree = "<group>";
		};
		6F8152C129CCC20800D3ED2D /* Zone */ = {
			isa = PBXGroup;
			children = (
				6F8152C229CCC22500D3ED2D /* ListZonesView.swift */,
				6F8152D329D0AE0500D3ED2D /* ZoneItemView.swift */,
				B70D2AEB29D2BF5A00D2CFF1 /* AddZoneView.swift */,
				B70D2AEF29D2CE0500D2CFF1 /* EditZoneView.swift */,
			);
			path = Zone;
			sourceTree = "<group>";
		};
		6F8152C429CCC28800D3ED2D /* Jour */ = {
			isa = PBXGroup;
			children = (
				6F8152C529CCC2AC00D3ED2D /* JourDetailsView.swift */,
				6F8152C729CCC2BD00D3ED2D /* ListJoursView.swift */,
			);
			path = Jour;
			sourceTree = "<group>";
		};
		6F8152C929CF2F4200D3ED2D /* Lists */ = {
			isa = PBXGroup;
			children = (
				B758EEF029CC5455007051C8 /* ListFestival.swift */,
				B758EEF429CCA557007051C8 /* ListBenevoles.swift */,
				B7242AC629CDD91200A16851 /* ListJours.swift */,
				B7242AC829CDDC4700A16851 /* ListZones.swift */,
				B7242ADA29CE03A800A16851 /* ListCreneaux.swift */,
				6F8152CC29CF3A1500D3ED2D /* ListDisponibilites.swift */,
			);
			path = Lists;
			sourceTree = "<group>";
		};
		6F8152CB29CF2F5900D3ED2D /* Simple */ = {
			isa = PBXGroup;
			children = (
				B7816A3829C3693000BAE82F /* User.swift */,
				6F52633D29C8F7880000DA28 /* Festival.swift */,
				6F8152B729CCBF2900D3ED2D /* Zone.swift */,
				6F8152B929CCBF3B00D3ED2D /* Affectation.swift */,
				6F8152BB29CCBF4900D3ED2D /* Disponibilite.swift */,
				6F8152BD29CCBF5900D3ED2D /* Jour.swift */,
				6F8152BF29CCBF6500D3ED2D /* Creneau.swift */,
			);
			path = Simple;
			sourceTree = "<group>";
		};
		B7816A3529C34CA800BAE82F /* utilities */ = {
			isa = PBXGroup;
			children = (
				B7816A3629C34CBA00BAE82F /* JSONHelper.swift */,
				6F52632C29C8E9BB0000DA28 /* Validators.swift */,
				B758EEEE29CC4CFD007051C8 /* ObserverProtocol.swift */,
				B758EEF229CC6F65007051C8 /* Extensions.swift */,
			);
			path = utilities;
			sourceTree = "<group>";
		};
		B793B35129D1786C0079CAB5 /* Dispos */ = {
			isa = PBXGroup;
			children = (
				B793B35229D178900079CAB5 /* ListDisposView.swift */,
				B793B35F29D184C80079CAB5 /* DispoItemView.swift */,
			);
			path = Dispos;
			sourceTree = "<group>";
		};
		B793B35629D179280079CAB5 /* lists */ = {
			isa = PBXGroup;
			children = (
				B758EEEC29CC4BBA007051C8 /* FestivalListIntent.swift */,
				6F8152D129D0A77600D3ED2D /* ZoneListIntent.swift */,
				6F8152D729D0BB2900D3ED2D /* JourListIntent.swift */,
				B793B35429D179230079CAB5 /* DispoListIntent.swift */,
				B793B35829D17D110079CAB5 /* CreneauListIntent.swift */,
				B793B35A29D17D240079CAB5 /* UserListIntent.swift */,
			);
			path = lists;
			sourceTree = "<group>";
		};
		B793B35729D179380079CAB5 /* simple */ = {
			isa = PBXGroup;
			children = (
				6F52632A29C8E9720000DA28 /* LogIntent.swift */,
				B7242ACE29CDEB2900A16851 /* FestivalIntent.swift */,
				B70D2AED29D2C2A800D2CFF1 /* ZoneIntent.swift */,
			);
			path = simple;
			sourceTree = "<group>";
		};
		B793B35C29D17D300079CAB5 /* Benevoles */ = {
			isa = PBXGroup;
			children = (
				B793B35D29D17D4B0079CAB5 /* ListBenevolesView.swift */,
				B793B36129D184F20079CAB5 /* BenevoleItemView.swift */,
				B793B36D29D1A4390079CAB5 /* BenevoleDetailView.swift */,
			);
			path = Benevoles;
			sourceTree = "<group>";
		};
		B793B36329D1853F0079CAB5 /* User */ = {
			isa = PBXGroup;
			children = (
				B793B36429D185690079CAB5 /* AccountView.swift */,
			);
			path = User;
			sourceTree = "<group>";
		};
		B793B36629D1857E0079CAB5 /* Affectation */ = {
			isa = PBXGroup;
			children = (
				B793B36729D185920079CAB5 /* ListAffectationView.swift */,
				B793B36929D185A00079CAB5 /* AffectationItemView.swift */,
			);
			path = Affectation;
			sourceTree = "<group>";
		};
		B7A1F20829C06E5400D9B784 = {
			isa = PBXGroup;
			children = (
				B7A1F21329C06E5400D9B784 /* Befest_mobile */,
				B7A1F21229C06E5400D9B784 /* Products */,
			);
			sourceTree = "<group>";
		};
		B7A1F21229C06E5400D9B784 /* Products */ = {
			isa = PBXGroup;
			children = (
				B7A1F21129C06E5400D9B784 /* Befest_mobile.app */,
			);
			name = Products;
			sourceTree = "<group>";
		};
		B7A1F21329C06E5400D9B784 /* Befest_mobile */ = {
			isa = PBXGroup;
			children = (
				6F52632929C8E9660000DA28 /* intents */,
				6F52632629C8E8A60000DA28 /* configs */,
				6F52632329C8E8510000DA28 /* services */,
				6F52631E29C8E7CC0000DA28 /* errors */,
				B7816A3529C34CA800BAE82F /* utilities */,
				B7A1F22729C0794400D9B784 /* views */,
				B7A1F22229C0757600D9B784 /* models */,
				B7A1F21429C06E5400D9B784 /* Befest_mobileApp.swift */,
				B7A1F21629C06E5400D9B784 /* ContentView.swift */,
				B7A1F21829C06E5500D9B784 /* Assets.xcassets */,
				B7A1F21A29C06E5500D9B784 /* Preview Content */,
			);
			path = Befest_mobile;
			sourceTree = "<group>";
		};
		B7A1F21A29C06E5500D9B784 /* Preview Content */ = {
			isa = PBXGroup;
			children = (
				B7A1F21B29C06E5500D9B784 /* Preview Assets.xcassets */,
			);
			path = "Preview Content";
			sourceTree = "<group>";
		};
		B7A1F22229C0757600D9B784 /* models */ = {
			isa = PBXGroup;
			children = (
				6F8152CB29CF2F5900D3ED2D /* Simple */,
				6F8152C929CF2F4200D3ED2D /* Lists */,
			);
			path = models;
			sourceTree = "<group>";
		};
		B7A1F22729C0794400D9B784 /* views */ = {
			isa = PBXGroup;
			children = (
				6F52633029C8E9FE0000DA28 /* General */,
				6F52632F29C8E9F10000DA28 /* Benevole */,
				6F52632E29C8E9E90000DA28 /* Admin */,
				B7A1F22A29C07DED00D9B784 /* NavBarItem.swift */,
				B7242ACA29CDDE9D00A16851 /* SearchBar.swift */,
				6F8152D529D0B4CC00D3ED2D /* TopNavigationBar.swift */,
			);
			path = views;
			sourceTree = "<group>";
		};
/* End PBXGroup section */

/* Begin PBXNativeTarget section */
		B7A1F21029C06E5400D9B784 /* Befest_mobile */ = {
			isa = PBXNativeTarget;
			buildConfigurationList = B7A1F21F29C06E5500D9B784 /* Build configuration list for PBXNativeTarget "Befest_mobile" */;
			buildPhases = (
				B7A1F20D29C06E5400D9B784 /* Sources */,
				B7A1F20E29C06E5400D9B784 /* Frameworks */,
				B7A1F20F29C06E5400D9B784 /* Resources */,
			);
			buildRules = (
			);
			dependencies = (
			);
			name = Befest_mobile;
			productName = Befest_mobile;
			productReference = B7A1F21129C06E5400D9B784 /* Befest_mobile.app */;
			productType = "com.apple.product-type.application";
		};
/* End PBXNativeTarget section */

/* Begin PBXProject section */
		B7A1F20929C06E5400D9B784 /* Project object */ = {
			isa = PBXProject;
			attributes = {
				BuildIndependentTargetsInParallel = 1;
				LastSwiftUpdateCheck = 1420;
				LastUpgradeCheck = 1420;
				TargetAttributes = {
					B7A1F21029C06E5400D9B784 = {
						CreatedOnToolsVersion = 14.2;
					};
				};
			};
			buildConfigurationList = B7A1F20C29C06E5400D9B784 /* Build configuration list for PBXProject "Befest_mobile" */;
			compatibilityVersion = "Xcode 13.0";
			developmentRegion = en;
			hasScannedForEncodings = 0;
			knownRegions = (
				en,
				Base,
			);
			mainGroup = B7A1F20829C06E5400D9B784;
			productRefGroup = B7A1F21229C06E5400D9B784 /* Products */;
			projectDirPath = "";
			projectRoot = "";
			targets = (
				B7A1F21029C06E5400D9B784 /* Befest_mobile */,
			);
		};
/* End PBXProject section */

/* Begin PBXResourcesBuildPhase section */
		B7A1F20F29C06E5400D9B784 /* Resources */ = {
			isa = PBXResourcesBuildPhase;
			buildActionMask = 2147483647;
			files = (
				B7A1F21C29C06E5500D9B784 /* Preview Assets.xcassets in Resources */,
				B7A1F21929C06E5500D9B784 /* Assets.xcassets in Resources */,
			);
			runOnlyForDeploymentPostprocessing = 0;
		};
/* End PBXResourcesBuildPhase section */

/* Begin PBXSourcesBuildPhase section */
		B7A1F20D29C06E5400D9B784 /* Sources */ = {
			isa = PBXSourcesBuildPhase;
			buildActionMask = 2147483647;
			files = (
				6F8152BE29CCBF5900D3ED2D /* Jour.swift in Sources */,
				6F52632B29C8E9720000DA28 /* LogIntent.swift in Sources */,
				6F52632029C8E7EC0000DA28 /* RequestError.swift in Sources */,
				B70D2AEC29D2BF5A00D2CFF1 /* AddZoneView.swift in Sources */,
				B793B36229D184F20079CAB5 /* BenevoleItemView.swift in Sources */,
				B7A1F22B29C07DED00D9B784 /* NavBarItem.swift in Sources */,
				B7242ADB29CE03A800A16851 /* ListCreneaux.swift in Sources */,
				6F8152D229D0A77600D3ED2D /* ZoneListIntent.swift in Sources */,
				6F52633C29C8F7240000DA28 /* FestivalItemView.swift in Sources */,
				6F8152D429D0AE0500D3ED2D /* ZoneItemView.swift in Sources */,
				B7242ACB29CDDE9D00A16851 /* SearchBar.swift in Sources */,
				6F52632229C8E82D0000DA28 /* UserIntentError.swift in Sources */,
				B793B36029D184C80079CAB5 /* DispoItemView.swift in Sources */,
				6F52633229C8EA3E0000DA28 /* AdminAppView.swift in Sources */,
				6F52632D29C8E9BB0000DA28 /* Validators.swift in Sources */,
				6F8152C029CCBF6500D3ED2D /* Creneau.swift in Sources */,
				B7242AD329CDEDD100A16851 /* CreneauService.swift in Sources */,
				B7242AD729CDEE0300A16851 /* AffectationService.swift in Sources */,
				B793B36829D185920079CAB5 /* ListAffectationView.swift in Sources */,
				B7A1F21729C06E5400D9B784 /* ContentView.swift in Sources */,
				B7816A3929C3693000BAE82F /* User.swift in Sources */,
				B70D2AEE29D2C2A800D2CFF1 /* ZoneIntent.swift in Sources */,
				6F8152CD29CF3A1500D3ED2D /* ListDisponibilites.swift in Sources */,
				B758EEF729CCA9F7007051C8 /* ZoneService.swift in Sources */,
				B793B35929D17D110079CAB5 /* CreneauListIntent.swift in Sources */,
				6F8152CF29CF5EF300D3ED2D /* EditFestivalView.swift in Sources */,
				6F52632529C8E88D0000DA28 /* AuthService.swift in Sources */,
				B758EEF129CC5455007051C8 /* ListFestival.swift in Sources */,
				B758EEEF29CC4CFD007051C8 /* ObserverProtocol.swift in Sources */,
				B7242AD129CDEDC200A16851 /* JourService.swift in Sources */,
				6F52633929C8F6850000DA28 /* ListFestivalsView.swift in Sources */,
				6F8152D629D0B4CC00D3ED2D /* TopNavigationBar.swift in Sources */,
				B7242AC729CDD91200A16851 /* ListJours.swift in Sources */,
				B793B36A29D185A00079CAB5 /* AffectationItemView.swift in Sources */,
				6F8152C629CCC2AC00D3ED2D /* JourDetailsView.swift in Sources */,
				B793B36E29D1A4390079CAB5 /* BenevoleDetailView.swift in Sources */,
				6F8152C829CCC2BD00D3ED2D /* ListJoursView.swift in Sources */,
				6F52632829C8E8C90000DA28 /* ConfigAPI.swift in Sources */,
				B7242ACD29CDE68C00A16851 /* AddFestivalView.swift in Sources */,
				B7816A3729C34CBA00BAE82F /* JSONHelper.swift in Sources */,
				6F8152C329CCC22500D3ED2D /* ListZonesView.swift in Sources */,
				B70D2AF029D2CE0500D2CFF1 /* EditZoneView.swift in Sources */,
				B7242ACF29CDEB2900A16851 /* FestivalIntent.swift in Sources */,
				6F52633429C8EA6A0000DA28 /* BenevoleAppView.swift in Sources */,
				B758EEED29CC4BBA007051C8 /* FestivalListIntent.swift in Sources */,
				6F52633629C8EAA70000DA28 /* LogView.swift in Sources */,
				B7A1F21529C06E5400D9B784 /* Befest_mobileApp.swift in Sources */,
				6F8152BC29CCBF4900D3ED2D /* Disponibilite.swift in Sources */,
				6F8152BA29CCBF3B00D3ED2D /* Affectation.swift in Sources */,
				B793B35B29D17D240079CAB5 /* UserListIntent.swift in Sources */,
				B758EEF329CC6F65007051C8 /* Extensions.swift in Sources */,
				6F8152D829D0BB2900D3ED2D /* JourListIntent.swift in Sources */,
				B7242AC929CDDC4700A16851 /* ListZones.swift in Sources */,
				B758EEF529CCA557007051C8 /* ListBenevoles.swift in Sources */,
				B793B35329D178900079CAB5 /* ListDisposView.swift in Sources */,
				6F52633E29C8F7880000DA28 /* Festival.swift in Sources */,
				6F52634029C8FD740000DA28 /* FestivalService.swift in Sources */,
				B793B36529D185690079CAB5 /* AccountView.swift in Sources */,
				B7242AD929CDEE1C00A16851 /* DisponibiliteService.swift in Sources */,
				B793B35E29D17D4B0079CAB5 /* ListBenevolesView.swift in Sources */,
				B7242AD529CDEDDF00A16851 /* UserService.swift in Sources */,
				6F8152B829CCBF2900D3ED2D /* Zone.swift in Sources */,
				B793B35529D179230079CAB5 /* DispoListIntent.swift in Sources */,
			);
			runOnlyForDeploymentPostprocessing = 0;
		};
/* End PBXSourcesBuildPhase section */

/* Begin XCBuildConfiguration section */
		B7A1F21D29C06E5500D9B784 /* Debug */ = {
			isa = XCBuildConfiguration;
			buildSettings = {
				ALWAYS_SEARCH_USER_PATHS = NO;
				CLANG_ANALYZER_NONNULL = YES;
				CLANG_ANALYZER_NUMBER_OBJECT_CONVERSION = YES_AGGRESSIVE;
				CLANG_CXX_LANGUAGE_STANDARD = "gnu++20";
				CLANG_ENABLE_MODULES = YES;
				CLANG_ENABLE_OBJC_ARC = YES;
				CLANG_ENABLE_OBJC_WEAK = YES;
				CLANG_WARN_BLOCK_CAPTURE_AUTORELEASING = YES;
				CLANG_WARN_BOOL_CONVERSION = YES;
				CLANG_WARN_COMMA = YES;
				CLANG_WARN_CONSTANT_CONVERSION = YES;
				CLANG_WARN_DEPRECATED_OBJC_IMPLEMENTATIONS = YES;
				CLANG_WARN_DIRECT_OBJC_ISA_USAGE = YES_ERROR;
				CLANG_WARN_DOCUMENTATION_COMMENTS = YES;
				CLANG_WARN_EMPTY_BODY = YES;
				CLANG_WARN_ENUM_CONVERSION = YES;
				CLANG_WARN_INFINITE_RECURSION = YES;
				CLANG_WARN_INT_CONVERSION = YES;
				CLANG_WARN_NON_LITERAL_NULL_CONVERSION = YES;
				CLANG_WARN_OBJC_IMPLICIT_RETAIN_SELF = YES;
				CLANG_WARN_OBJC_LITERAL_CONVERSION = YES;
				CLANG_WARN_OBJC_ROOT_CLASS = YES_ERROR;
				CLANG_WARN_QUOTED_INCLUDE_IN_FRAMEWORK_HEADER = YES;
				CLANG_WARN_RANGE_LOOP_ANALYSIS = YES;
				CLANG_WARN_STRICT_PROTOTYPES = YES;
				CLANG_WARN_SUSPICIOUS_MOVE = YES;
				CLANG_WARN_UNGUARDED_AVAILABILITY = YES_AGGRESSIVE;
				CLANG_WARN_UNREACHABLE_CODE = YES;
				CLANG_WARN__DUPLICATE_METHOD_MATCH = YES;
				COPY_PHASE_STRIP = NO;
				DEBUG_INFORMATION_FORMAT = dwarf;
				ENABLE_STRICT_OBJC_MSGSEND = YES;
				ENABLE_TESTABILITY = YES;
				GCC_C_LANGUAGE_STANDARD = gnu11;
				GCC_DYNAMIC_NO_PIC = NO;
				GCC_NO_COMMON_BLOCKS = YES;
				GCC_OPTIMIZATION_LEVEL = 0;
				GCC_PREPROCESSOR_DEFINITIONS = (
					"DEBUG=1",
					"$(inherited)",
				);
				GCC_WARN_64_TO_32_BIT_CONVERSION = YES;
				GCC_WARN_ABOUT_RETURN_TYPE = YES_ERROR;
				GCC_WARN_UNDECLARED_SELECTOR = YES;
				GCC_WARN_UNINITIALIZED_AUTOS = YES_AGGRESSIVE;
				GCC_WARN_UNUSED_FUNCTION = YES;
				GCC_WARN_UNUSED_VARIABLE = YES;
				IPHONEOS_DEPLOYMENT_TARGET = 16.0;
				MTL_ENABLE_DEBUG_INFO = INCLUDE_SOURCE;
				MTL_FAST_MATH = YES;
				ONLY_ACTIVE_ARCH = YES;
				SDKROOT = iphoneos;
				SWIFT_ACTIVE_COMPILATION_CONDITIONS = DEBUG;
				SWIFT_OPTIMIZATION_LEVEL = "-Onone";
			};
			name = Debug;
		};
		B7A1F21E29C06E5500D9B784 /* Release */ = {
			isa = XCBuildConfiguration;
			buildSettings = {
				ALWAYS_SEARCH_USER_PATHS = NO;
				CLANG_ANALYZER_NONNULL = YES;
				CLANG_ANALYZER_NUMBER_OBJECT_CONVERSION = YES_AGGRESSIVE;
				CLANG_CXX_LANGUAGE_STANDARD = "gnu++20";
				CLANG_ENABLE_MODULES = YES;
				CLANG_ENABLE_OBJC_ARC = YES;
				CLANG_ENABLE_OBJC_WEAK = YES;
				CLANG_WARN_BLOCK_CAPTURE_AUTORELEASING = YES;
				CLANG_WARN_BOOL_CONVERSION = YES;
				CLANG_WARN_COMMA = YES;
				CLANG_WARN_CONSTANT_CONVERSION = YES;
				CLANG_WARN_DEPRECATED_OBJC_IMPLEMENTATIONS = YES;
				CLANG_WARN_DIRECT_OBJC_ISA_USAGE = YES_ERROR;
				CLANG_WARN_DOCUMENTATION_COMMENTS = YES;
				CLANG_WARN_EMPTY_BODY = YES;
				CLANG_WARN_ENUM_CONVERSION = YES;
				CLANG_WARN_INFINITE_RECURSION = YES;
				CLANG_WARN_INT_CONVERSION = YES;
				CLANG_WARN_NON_LITERAL_NULL_CONVERSION = YES;
				CLANG_WARN_OBJC_IMPLICIT_RETAIN_SELF = YES;
				CLANG_WARN_OBJC_LITERAL_CONVERSION = YES;
				CLANG_WARN_OBJC_ROOT_CLASS = YES_ERROR;
				CLANG_WARN_QUOTED_INCLUDE_IN_FRAMEWORK_HEADER = YES;
				CLANG_WARN_RANGE_LOOP_ANALYSIS = YES;
				CLANG_WARN_STRICT_PROTOTYPES = YES;
				CLANG_WARN_SUSPICIOUS_MOVE = YES;
				CLANG_WARN_UNGUARDED_AVAILABILITY = YES_AGGRESSIVE;
				CLANG_WARN_UNREACHABLE_CODE = YES;
				CLANG_WARN__DUPLICATE_METHOD_MATCH = YES;
				COPY_PHASE_STRIP = NO;
				DEBUG_INFORMATION_FORMAT = "dwarf-with-dsym";
				ENABLE_NS_ASSERTIONS = NO;
				ENABLE_STRICT_OBJC_MSGSEND = YES;
				GCC_C_LANGUAGE_STANDARD = gnu11;
				GCC_NO_COMMON_BLOCKS = YES;
				GCC_WARN_64_TO_32_BIT_CONVERSION = YES;
				GCC_WARN_ABOUT_RETURN_TYPE = YES_ERROR;
				GCC_WARN_UNDECLARED_SELECTOR = YES;
				GCC_WARN_UNINITIALIZED_AUTOS = YES_AGGRESSIVE;
				GCC_WARN_UNUSED_FUNCTION = YES;
				GCC_WARN_UNUSED_VARIABLE = YES;
				IPHONEOS_DEPLOYMENT_TARGET = 16.0;
				MTL_ENABLE_DEBUG_INFO = NO;
				MTL_FAST_MATH = YES;
				SDKROOT = iphoneos;
				SWIFT_COMPILATION_MODE = wholemodule;
				SWIFT_OPTIMIZATION_LEVEL = "-O";
				VALIDATE_PRODUCT = YES;
			};
			name = Release;
		};
		B7A1F22029C06E5500D9B784 /* Debug */ = {
			isa = XCBuildConfiguration;
			buildSettings = {
				ASSETCATALOG_COMPILER_APPICON_NAME = AppIcon;
				ASSETCATALOG_COMPILER_GLOBAL_ACCENT_COLOR_NAME = AccentColor;
				CODE_SIGN_STYLE = Automatic;
				CURRENT_PROJECT_VERSION = 1;
				DEVELOPMENT_ASSET_PATHS = "\"Befest_mobile/Preview Content\"";
				ENABLE_PREVIEWS = YES;
				GENERATE_INFOPLIST_FILE = YES;
				INFOPLIST_KEY_UIApplicationSceneManifest_Generation = YES;
				INFOPLIST_KEY_UIApplicationSupportsIndirectInputEvents = YES;
				INFOPLIST_KEY_UILaunchScreen_Generation = YES;
				INFOPLIST_KEY_UISupportedInterfaceOrientations_iPad = "UIInterfaceOrientationPortrait UIInterfaceOrientationPortraitUpsideDown UIInterfaceOrientationLandscapeLeft UIInterfaceOrientationLandscapeRight";
				INFOPLIST_KEY_UISupportedInterfaceOrientations_iPhone = "UIInterfaceOrientationPortrait UIInterfaceOrientationLandscapeLeft UIInterfaceOrientationLandscapeRight";
				IPHONEOS_DEPLOYMENT_TARGET = 15.0;
				LD_RUNPATH_SEARCH_PATHS = (
					"$(inherited)",
					"@executable_path/Frameworks",
				);
				MARKETING_VERSION = 1.0;
				PRODUCT_BUNDLE_IDENTIFIER = "salim.Befest-mobile";
				PRODUCT_NAME = "$(TARGET_NAME)";
				SWIFT_EMIT_LOC_STRINGS = YES;
				SWIFT_VERSION = 5.0;
				TARGETED_DEVICE_FAMILY = "1,2";
			};
			name = Debug;
		};
		B7A1F22129C06E5500D9B784 /* Release */ = {
			isa = XCBuildConfiguration;
			buildSettings = {
				ASSETCATALOG_COMPILER_APPICON_NAME = AppIcon;
				ASSETCATALOG_COMPILER_GLOBAL_ACCENT_COLOR_NAME = AccentColor;
				CODE_SIGN_STYLE = Automatic;
				CURRENT_PROJECT_VERSION = 1;
				DEVELOPMENT_ASSET_PATHS = "\"Befest_mobile/Preview Content\"";
				ENABLE_PREVIEWS = YES;
				GENERATE_INFOPLIST_FILE = YES;
				INFOPLIST_KEY_UIApplicationSceneManifest_Generation = YES;
				INFOPLIST_KEY_UIApplicationSupportsIndirectInputEvents = YES;
				INFOPLIST_KEY_UILaunchScreen_Generation = YES;
				INFOPLIST_KEY_UISupportedInterfaceOrientations_iPad = "UIInterfaceOrientationPortrait UIInterfaceOrientationPortraitUpsideDown UIInterfaceOrientationLandscapeLeft UIInterfaceOrientationLandscapeRight";
				INFOPLIST_KEY_UISupportedInterfaceOrientations_iPhone = "UIInterfaceOrientationPortrait UIInterfaceOrientationLandscapeLeft UIInterfaceOrientationLandscapeRight";
				IPHONEOS_DEPLOYMENT_TARGET = 15.0;
				LD_RUNPATH_SEARCH_PATHS = (
					"$(inherited)",
					"@executable_path/Frameworks",
				);
				MARKETING_VERSION = 1.0;
				PRODUCT_BUNDLE_IDENTIFIER = "salim.Befest-mobile";
				PRODUCT_NAME = "$(TARGET_NAME)";
				SWIFT_EMIT_LOC_STRINGS = YES;
				SWIFT_VERSION = 5.0;
				TARGETED_DEVICE_FAMILY = "1,2";
			};
			name = Release;
		};
/* End XCBuildConfiguration section */

/* Begin XCConfigurationList section */
		B7A1F20C29C06E5400D9B784 /* Build configuration list for PBXProject "Befest_mobile" */ = {
			isa = XCConfigurationList;
			buildConfigurations = (
				B7A1F21D29C06E5500D9B784 /* Debug */,
				B7A1F21E29C06E5500D9B784 /* Release */,
			);
			defaultConfigurationIsVisible = 0;
			defaultConfigurationName = Release;
		};
		B7A1F21F29C06E5500D9B784 /* Build configuration list for PBXNativeTarget "Befest_mobile" */ = {
			isa = XCConfigurationList;
			buildConfigurations = (
				B7A1F22029C06E5500D9B784 /* Debug */,
				B7A1F22129C06E5500D9B784 /* Release */,
			);
			defaultConfigurationIsVisible = 0;
			defaultConfigurationName = Release;
		};
/* End XCConfigurationList section */
	};
	rootObject = B7A1F20929C06E5400D9B784 /* Project object */;
}
